
Microsoft Visual Studio Solution File, Format Version 12.00
# Visual Studio Version 17
VisualStudioVersion = 17.0.31919.166
MinimumVisualStudioVersion = 10.0.40219.1
Project("{9A19103F-16F7-4668-BE54-9A1E7A4F7556}") = "DS.EbayPortal", "EbayApp\DS.EbayPortal.csproj", "{0EA4D6B7-53BE-4EFC-A0BC-1796EA945954}"
EndProject
Project("{9A19103F-16F7-4668-BE54-9A1E7A4F7556}") = "DS.EbayAPI", "EbayAPI\DS.EbayAPI.csproj", "{B0BCEC66-4671-4221-8BB7-78B6F1DD172D}"
EndProject
Project("{9A19103F-16F7-4668-BE54-9A1E7A4F7556}") = "ScaperMicroservice", "..\..\ScaperMicroservice\ScaperMicroservice.csproj", "{4D184B36-0B82-47D2-89C8-B51EE20168B2}"
EndProject
Project("{9A19103F-16F7-4668-BE54-9A1E7A4F7556}") = "TesterMicro", "TesterMicro\TesterMicro.csproj", "{18CFFCCC-1CCA-4285-A347-0BF087ED1C4D}"
EndProject
Project("{9A19103F-16F7-4668-BE54-9A1E7A4F7556}") = "DS.EbayMicroService", "Ebay\DS.EbayMicroService.csproj", "{76D86160-807B-4977-9ACE-E34F4D641D8E}"
EndProject
Project("{9A19103F-16F7-4668-BE54-9A1E7A4F7556}") = "DS.Lib.Configuration", "Config\DS.Lib.Configuration.csproj", "{E9BB6026-2565-4863-9C0B-64341785216D}"
EndProject
Project("{FAE04EC0-301F-11D3-BF4B-00C04F79EFBC}") = "DS.Domain", "DS.Domain\DS.Domain.csproj", "{B35DA0EE-3149-4C1A-B5ED-4768874136F4}"
EndProject
Project("{2150E333-8FDC-42A3-9474-1A3956D46DE8}") = "src", "src", "{37B10CB4-E084-48AA-95FC-839F4512CF89}"
EndProject
Project("{FAE04EC0-301F-11D3-BF4B-00C04F79EFBC}") = "DS.Infrastructure", "DS.Infrastructure\DS.Infrastructure.csproj", "{8015D8C4-82B1-438C-8D6F-D90B9B9D02F3}"
EndProject
Project("{FAE04EC0-301F-11D3-BF4B-00C04F79EFBC}") = "DS.Abstraction", "DS.Abstraction\DS.Abstraction.csproj", "{DBB9F997-4ED1-4E17-BDF2-7648C7DF7D24}"
EndProject
Project("{FAE04EC0-301F-11D3-BF4B-00C04F79EFBC}") = "DS.Lib.Common.Services", "DS.Lib.Common.Services\DS.Lib.Common.Services.csproj", "{FB36164E-0839-4E2D-9AD5-D188575E9FB7}"
EndProject
Project("{FAE04EC0-301F-11D3-BF4B-00C04F79EFBC}") = "DS.Lib.Logger", "DS.Lib.Logger\DS.Lib.Logger.csproj", "{53DBE2C4-B20F-433A-9475-C11DBCC1CD82}"
EndProject
Global
	GlobalSection(SolutionConfigurationPlatforms) = preSolution
		Debug|Any CPU = Debug|Any CPU
		Release|Any CPU = Release|Any CPU
	EndGlobalSection
	GlobalSection(ProjectConfigurationPlatforms) = postSolution
		{0EA4D6B7-53BE-4EFC-A0BC-1796EA945954}.Debug|Any CPU.ActiveCfg = Debug|Any CPU
		{0EA4D6B7-53BE-4EFC-A0BC-1796EA945954}.Debug|Any CPU.Build.0 = Debug|Any CPU
		{0EA4D6B7-53BE-4EFC-A0BC-1796EA945954}.Release|Any CPU.ActiveCfg = Release|Any CPU
		{0EA4D6B7-53BE-4EFC-A0BC-1796EA945954}.Release|Any CPU.Build.0 = Release|Any CPU
		{B0BCEC66-4671-4221-8BB7-78B6F1DD172D}.Debug|Any CPU.ActiveCfg = Debug|Any CPU
		{B0BCEC66-4671-4221-8BB7-78B6F1DD172D}.Debug|Any CPU.Build.0 = Debug|Any CPU
		{B0BCEC66-4671-4221-8BB7-78B6F1DD172D}.Release|Any CPU.ActiveCfg = Release|Any CPU
		{B0BCEC66-4671-4221-8BB7-78B6F1DD172D}.Release|Any CPU.Build.0 = Release|Any CPU
		{4D184B36-0B82-47D2-89C8-B51EE20168B2}.Debug|Any CPU.ActiveCfg = Debug|Any CPU
		{4D184B36-0B82-47D2-89C8-B51EE20168B2}.Debug|Any CPU.Build.0 = Debug|Any CPU
		{4D184B36-0B82-47D2-89C8-B51EE20168B2}.Release|Any CPU.ActiveCfg = Release|Any CPU
		{4D184B36-0B82-47D2-89C8-B51EE20168B2}.Release|Any CPU.Build.0 = Release|Any CPU
		{18CFFCCC-1CCA-4285-A347-0BF087ED1C4D}.Debug|Any CPU.ActiveCfg = Debug|Any CPU
		{18CFFCCC-1CCA-4285-A347-0BF087ED1C4D}.Debug|Any CPU.Build.0 = Debug|Any CPU
		{18CFFCCC-1CCA-4285-A347-0BF087ED1C4D}.Release|Any CPU.ActiveCfg = Release|Any CPU
		{18CFFCCC-1CCA-4285-A347-0BF087ED1C4D}.Release|Any CPU.Build.0 = Release|Any CPU
		{76D86160-807B-4977-9ACE-E34F4D641D8E}.Debug|Any CPU.ActiveCfg = Debug|Any CPU
		{76D86160-807B-4977-9ACE-E34F4D641D8E}.Debug|Any CPU.Build.0 = Debug|Any CPU
		{76D86160-807B-4977-9ACE-E34F4D641D8E}.Release|Any CPU.ActiveCfg = Release|Any CPU
		{76D86160-807B-4977-9ACE-E34F4D641D8E}.Release|Any CPU.Build.0 = Release|Any CPU
		{E9BB6026-2565-4863-9C0B-64341785216D}.Debug|Any CPU.ActiveCfg = Debug|Any CPU
		{E9BB6026-2565-4863-9C0B-64341785216D}.Debug|Any CPU.Build.0 = Debug|Any CPU
		{E9BB6026-2565-4863-9C0B-64341785216D}.Release|Any CPU.ActiveCfg = Release|Any CPU
		{E9BB6026-2565-4863-9C0B-64341785216D}.Release|Any CPU.Build.0 = Release|Any CPU
		{B35DA0EE-3149-4C1A-B5ED-4768874136F4}.Debug|Any CPU.ActiveCfg = Debug|Any CPU
		{B35DA0EE-3149-4C1A-B5ED-4768874136F4}.Debug|Any CPU.Build.0 = Debug|Any CPU
		{B35DA0EE-3149-4C1A-B5ED-4768874136F4}.Release|Any CPU.ActiveCfg = Release|Any CPU
		{B35DA0EE-3149-4C1A-B5ED-4768874136F4}.Release|Any CPU.Build.0 = Release|Any CPU
		{8015D8C4-82B1-438C-8D6F-D90B9B9D02F3}.Debug|Any CPU.ActiveCfg = Debug|Any CPU
		{8015D8C4-82B1-438C-8D6F-D90B9B9D02F3}.Debug|Any CPU.Build.0 = Debug|Any CPU
		{8015D8C4-82B1-438C-8D6F-D90B9B9D02F3}.Release|Any CPU.ActiveCfg = Release|Any CPU
		{8015D8C4-82B1-438C-8D6F-D90B9B9D02F3}.Release|Any CPU.Build.0 = Release|Any CPU
		{DBB9F997-4ED1-4E17-BDF2-7648C7DF7D24}.Debug|Any CPU.ActiveCfg = Debug|Any CPU
		{DBB9F997-4ED1-4E17-BDF2-7648C7DF7D24}.Debug|Any CPU.Build.0 = Debug|Any CPU
		{DBB9F997-4ED1-4E17-BDF2-7648C7DF7D24}.Release|Any CPU.ActiveCfg = Release|Any CPU
		{DBB9F997-4ED1-4E17-BDF2-7648C7DF7D24}.Release|Any CPU.Build.0 = Release|Any CPU
		{FB36164E-0839-4E2D-9AD5-D188575E9FB7}.Debug|Any CPU.ActiveCfg = Debug|Any CPU
		{FB36164E-0839-4E2D-9AD5-D188575E9FB7}.Debug|Any CPU.Build.0 = Debug|Any CPU
		{FB36164E-0839-4E2D-9AD5-D188575E9FB7}.Release|Any CPU.ActiveCfg = Release|Any CPU
		{FB36164E-0839-4E2D-9AD5-D188575E9FB7}.Release|Any CPU.Build.0 = Release|Any CPU
		{53DBE2C4-B20F-433A-9475-C11DBCC1CD82}.Debug|Any CPU.ActiveCfg = Debug|Any CPU
		{53DBE2C4-B20F-433A-9475-C11DBCC1CD82}.Debug|Any CPU.Build.0 = Debug|Any CPU
		{53DBE2C4-B20F-433A-9475-C11DBCC1CD82}.Release|Any CPU.ActiveCfg = Release|Any CPU
		{53DBE2C4-B20F-433A-9475-C11DBCC1CD82}.Release|Any CPU.Build.0 = Release|Any CPU
	EndGlobalSection
	GlobalSection(SolutionProperties) = preSolution
		HideSolutionNode = FALSE
	EndGlobalSection
	GlobalSection(NestedProjects) = preSolution
		{0EA4D6B7-53BE-4EFC-A0BC-1796EA945954} = {37B10CB4-E084-48AA-95FC-839F4512CF89}
		{B0BCEC66-4671-4221-8BB7-78B6F1DD172D} = {37B10CB4-E084-48AA-95FC-839F4512CF89}
		{4D184B36-0B82-47D2-89C8-B51EE20168B2} = {37B10CB4-E084-48AA-95FC-839F4512CF89}
		{18CFFCCC-1CCA-4285-A347-0BF087ED1C4D} = {37B10CB4-E084-48AA-95FC-839F4512CF89}
		{76D86160-807B-4977-9ACE-E34F4D641D8E} = {37B10CB4-E084-48AA-95FC-839F4512CF89}
		{E9BB6026-2565-4863-9C0B-64341785216D} = {37B10CB4-E084-48AA-95FC-839F4512CF89}
		{B35DA0EE-3149-4C1A-B5ED-4768874136F4} = {37B10CB4-E084-48AA-95FC-839F4512CF89}
		{8015D8C4-82B1-438C-8D6F-D90B9B9D02F3} = {37B10CB4-E084-48AA-95FC-839F4512CF89}
		{DBB9F997-4ED1-4E17-BDF2-7648C7DF7D24} = {37B10CB4-E084-48AA-95FC-839F4512CF89}
		{FB36164E-0839-4E2D-9AD5-D188575E9FB7} = {37B10CB4-E084-48AA-95FC-839F4512CF89}
		{53DBE2C4-B20F-433A-9475-C11DBCC1CD82} = {37B10CB4-E084-48AA-95FC-839F4512CF89}
	EndGlobalSection
	GlobalSection(ExtensibilityGlobals) = postSolution
		SolutionGuid = {6B21D36D-50F4-4C27-94FC-9D83609544AF}
	EndGlobalSection
EndGlobal
