
Microsoft Visual Studio Solution File, Format Version 12.00
# Visual Studio Version 17
VisualStudioVersion = 17.0.31919.166
MinimumVisualStudioVersion = 10.0.40219.1
Project("{9A19103F-16F7-4668-BE54-9A1E7A4F7556}") = "EbayApp", "EbayApp\EbayApp.csproj", "{0EA4D6B7-53BE-4EFC-A0BC-1796EA945954}"
EndProject
Project("{9A19103F-16F7-4668-BE54-9A1E7A4F7556}") = "EbayAPI", "EbayAPI\EbayAPI.csproj", "{B0BCEC66-4671-4221-8BB7-78B6F1DD172D}"
EndProject
Project("{9A19103F-16F7-4668-BE54-9A1E7A4F7556}") = "ScaperMicroservice", "..\..\ScaperMicroservice\ScaperMicroservice.csproj", "{4D184B36-0B82-47D2-89C8-B51EE20168B2}"
EndProject
Project("{9A19103F-16F7-4668-BE54-9A1E7A4F7556}") = "TesterMicro", "TesterMicro\TesterMicro.csproj", "{18CFFCCC-1CCA-4285-A347-0BF087ED1C4D}"
EndProject
Project("{FAE04EC0-301F-11D3-BF4B-00C04F79EFBC}") = "DataLayer", "DataLayer\DataLayer.csproj", "{83F24D71-5AC8-4A26-A507-226787185F38}"
EndProject
Project("{2150E333-8FDC-42A3-9474-1A3956D46DE8}") = "Services", "Services", "{512BBC81-A804-423D-A1B4-CA6E362AAEF4}"
EndProject
Project("{2150E333-8FDC-42A3-9474-1A3956D46DE8}") = "MicroServices", "MicroServices", "{801A2601-28E7-4978-A3DF-B3C164E6566D}"
EndProject
Project("{2150E333-8FDC-42A3-9474-1A3956D46DE8}") = "Messaging", "Messaging", "{243AC051-0763-4AFF-A7DE-D2CDD1BC00F4}"
EndProject
Project("{FAE04EC0-301F-11D3-BF4B-00C04F79EFBC}") = "MQMessage", "MQMessage\MQMessage.csproj", "{B723468C-979A-42A6-B9DF-64ACF8E5D48C}"
EndProject
Project("{FAE04EC0-301F-11D3-BF4B-00C04F79EFBC}") = "Ebay", "Ebay\Ebay.csproj", "{76D86160-807B-4977-9ACE-E34F4D641D8E}"
EndProject
Project("{2150E333-8FDC-42A3-9474-1A3956D46DE8}") = "Config", "Config", "{549ACED7-A6F0-4330-A8B9-CD67A36D1D36}"
EndProject
Project("{FAE04EC0-301F-11D3-BF4B-00C04F79EFBC}") = "Config", "Config\Config.csproj", "{E9BB6026-2565-4863-9C0B-64341785216D}"
EndProject
Project("{FAE04EC0-301F-11D3-BF4B-00C04F79EFBC}") = "MSender", "MSender\MSender.csproj", "{8825712C-C8F9-40BF-969A-B0D05FCCEE67}"
EndProject
Global
	GlobalSection(SolutionConfigurationPlatforms) = preSolution
		Debug|Any CPU = Debug|Any CPU
		Release|Any CPU = Release|Any CPU
	EndGlobalSection
	GlobalSection(ProjectConfigurationPlatforms) = postSolution
		{0EA4D6B7-53BE-4EFC-A0BC-1796EA945954}.Debug|Any CPU.ActiveCfg = Debug|Any CPU
		{0EA4D6B7-53BE-4EFC-A0BC-1796EA945954}.Debug|Any CPU.Build.0 = Debug|Any CPU
		{0EA4D6B7-53BE-4EFC-A0BC-1796EA945954}.Release|Any CPU.ActiveCfg = Release|Any CPU
		{0EA4D6B7-53BE-4EFC-A0BC-1796EA945954}.Release|Any CPU.Build.0 = Release|Any CPU
		{B0BCEC66-4671-4221-8BB7-78B6F1DD172D}.Debug|Any CPU.ActiveCfg = Debug|Any CPU
		{B0BCEC66-4671-4221-8BB7-78B6F1DD172D}.Debug|Any CPU.Build.0 = Debug|Any CPU
		{B0BCEC66-4671-4221-8BB7-78B6F1DD172D}.Release|Any CPU.ActiveCfg = Release|Any CPU
		{B0BCEC66-4671-4221-8BB7-78B6F1DD172D}.Release|Any CPU.Build.0 = Release|Any CPU
		{4D184B36-0B82-47D2-89C8-B51EE20168B2}.Debug|Any CPU.ActiveCfg = Debug|Any CPU
		{4D184B36-0B82-47D2-89C8-B51EE20168B2}.Debug|Any CPU.Build.0 = Debug|Any CPU
		{4D184B36-0B82-47D2-89C8-B51EE20168B2}.Release|Any CPU.ActiveCfg = Release|Any CPU
		{4D184B36-0B82-47D2-89C8-B51EE20168B2}.Release|Any CPU.Build.0 = Release|Any CPU
		{18CFFCCC-1CCA-4285-A347-0BF087ED1C4D}.Debug|Any CPU.ActiveCfg = Debug|Any CPU
		{18CFFCCC-1CCA-4285-A347-0BF087ED1C4D}.Debug|Any CPU.Build.0 = Debug|Any CPU
		{18CFFCCC-1CCA-4285-A347-0BF087ED1C4D}.Release|Any CPU.ActiveCfg = Release|Any CPU
		{18CFFCCC-1CCA-4285-A347-0BF087ED1C4D}.Release|Any CPU.Build.0 = Release|Any CPU
		{83F24D71-5AC8-4A26-A507-226787185F38}.Debug|Any CPU.ActiveCfg = Debug|Any CPU
		{83F24D71-5AC8-4A26-A507-226787185F38}.Debug|Any CPU.Build.0 = Debug|Any CPU
		{83F24D71-5AC8-4A26-A507-226787185F38}.Release|Any CPU.ActiveCfg = Release|Any CPU
		{83F24D71-5AC8-4A26-A507-226787185F38}.Release|Any CPU.Build.0 = Release|Any CPU
		{B723468C-979A-42A6-B9DF-64ACF8E5D48C}.Debug|Any CPU.ActiveCfg = Debug|Any CPU
		{B723468C-979A-42A6-B9DF-64ACF8E5D48C}.Debug|Any CPU.Build.0 = Debug|Any CPU
		{B723468C-979A-42A6-B9DF-64ACF8E5D48C}.Release|Any CPU.ActiveCfg = Release|Any CPU
		{B723468C-979A-42A6-B9DF-64ACF8E5D48C}.Release|Any CPU.Build.0 = Release|Any CPU
		{76D86160-807B-4977-9ACE-E34F4D641D8E}.Debug|Any CPU.ActiveCfg = Debug|Any CPU
		{76D86160-807B-4977-9ACE-E34F4D641D8E}.Debug|Any CPU.Build.0 = Debug|Any CPU
		{76D86160-807B-4977-9ACE-E34F4D641D8E}.Release|Any CPU.ActiveCfg = Release|Any CPU
		{76D86160-807B-4977-9ACE-E34F4D641D8E}.Release|Any CPU.Build.0 = Release|Any CPU
		{E9BB6026-2565-4863-9C0B-64341785216D}.Debug|Any CPU.ActiveCfg = Debug|Any CPU
		{E9BB6026-2565-4863-9C0B-64341785216D}.Debug|Any CPU.Build.0 = Debug|Any CPU
		{E9BB6026-2565-4863-9C0B-64341785216D}.Release|Any CPU.ActiveCfg = Release|Any CPU
		{E9BB6026-2565-4863-9C0B-64341785216D}.Release|Any CPU.Build.0 = Release|Any CPU
		{8825712C-C8F9-40BF-969A-B0D05FCCEE67}.Debug|Any CPU.ActiveCfg = Debug|Any CPU
		{8825712C-C8F9-40BF-969A-B0D05FCCEE67}.Debug|Any CPU.Build.0 = Debug|Any CPU
		{8825712C-C8F9-40BF-969A-B0D05FCCEE67}.Release|Any CPU.ActiveCfg = Release|Any CPU
		{8825712C-C8F9-40BF-969A-B0D05FCCEE67}.Release|Any CPU.Build.0 = Release|Any CPU
	EndGlobalSection
	GlobalSection(SolutionProperties) = preSolution
		HideSolutionNode = FALSE
	EndGlobalSection
	GlobalSection(NestedProjects) = preSolution
		{801A2601-28E7-4978-A3DF-B3C164E6566D} = {512BBC81-A804-423D-A1B4-CA6E362AAEF4}
		{243AC051-0763-4AFF-A7DE-D2CDD1BC00F4} = {512BBC81-A804-423D-A1B4-CA6E362AAEF4}
		{B723468C-979A-42A6-B9DF-64ACF8E5D48C} = {243AC051-0763-4AFF-A7DE-D2CDD1BC00F4}
		{76D86160-807B-4977-9ACE-E34F4D641D8E} = {801A2601-28E7-4978-A3DF-B3C164E6566D}
		{E9BB6026-2565-4863-9C0B-64341785216D} = {549ACED7-A6F0-4330-A8B9-CD67A36D1D36}
		{8825712C-C8F9-40BF-969A-B0D05FCCEE67} = {243AC051-0763-4AFF-A7DE-D2CDD1BC00F4}
	EndGlobalSection
	GlobalSection(ExtensibilityGlobals) = postSolution
		SolutionGuid = {6B21D36D-50F4-4C27-94FC-9D83609544AF}
	EndGlobalSection
EndGlobal
