
Microsoft Visual Studio Solution File, Format Version 12.00
# Visual Studio Version 17
VisualStudioVersion = 17.0.31919.166
MinimumVisualStudioVersion = 10.0.40219.1
Project("{9A19103F-16F7-4668-BE54-9A1E7A4F7556}") = "EbayApp", "EbayApp\EbayApp.csproj", "{0EA4D6B7-53BE-4EFC-A0BC-1796EA945954}"
EndProject
Project("{9A19103F-16F7-4668-BE54-9A1E7A4F7556}") = "EbayAPI", "EbayAPI\EbayAPI.csproj", "{B0BCEC66-4671-4221-8BB7-78B6F1DD172D}"
EndProject
Project("{9A19103F-16F7-4668-BE54-9A1E7A4F7556}") = "ScaperMicroservice", "..\..\ScaperMicroservice\ScaperMicroservice.csproj", "{4D184B36-0B82-47D2-89C8-B51EE20168B2}"
EndProject
Project("{9A19103F-16F7-4668-BE54-9A1E7A4F7556}") = "TesterMicro", "TesterMicro\TesterMicro.csproj", "{18CFFCCC-1CCA-4285-A347-0BF087ED1C4D}"
EndProject
Project("{FAE04EC0-301F-11D3-BF4B-00C04F79EFBC}") = "DataLayer", "DataLayer\DataLayer.csproj", "{83F24D71-5AC8-4A26-A507-226787185F38}"
EndProject
Global
	GlobalSection(SolutionConfigurationPlatforms) = preSolution
		Debug|Any CPU = Debug|Any CPU
		Release|Any CPU = Release|Any CPU
	EndGlobalSection
	GlobalSection(ProjectConfigurationPlatforms) = postSolution
		{0EA4D6B7-53BE-4EFC-A0BC-1796EA945954}.Debug|Any CPU.ActiveCfg = Debug|Any CPU
		{0EA4D6B7-53BE-4EFC-A0BC-1796EA945954}.Debug|Any CPU.Build.0 = Debug|Any CPU
		{0EA4D6B7-53BE-4EFC-A0BC-1796EA945954}.Release|Any CPU.ActiveCfg = Release|Any CPU
		{0EA4D6B7-53BE-4EFC-A0BC-1796EA945954}.Release|Any CPU.Build.0 = Release|Any CPU
		{B0BCEC66-4671-4221-8BB7-78B6F1DD172D}.Debug|Any CPU.ActiveCfg = Debug|Any CPU
		{B0BCEC66-4671-4221-8BB7-78B6F1DD172D}.Debug|Any CPU.Build.0 = Debug|Any CPU
		{B0BCEC66-4671-4221-8BB7-78B6F1DD172D}.Release|Any CPU.ActiveCfg = Release|Any CPU
		{B0BCEC66-4671-4221-8BB7-78B6F1DD172D}.Release|Any CPU.Build.0 = Release|Any CPU
		{4D184B36-0B82-47D2-89C8-B51EE20168B2}.Debug|Any CPU.ActiveCfg = Debug|Any CPU
		{4D184B36-0B82-47D2-89C8-B51EE20168B2}.Debug|Any CPU.Build.0 = Debug|Any CPU
		{4D184B36-0B82-47D2-89C8-B51EE20168B2}.Release|Any CPU.ActiveCfg = Release|Any CPU
		{4D184B36-0B82-47D2-89C8-B51EE20168B2}.Release|Any CPU.Build.0 = Release|Any CPU
		{18CFFCCC-1CCA-4285-A347-0BF087ED1C4D}.Debug|Any CPU.ActiveCfg = Debug|Any CPU
		{18CFFCCC-1CCA-4285-A347-0BF087ED1C4D}.Debug|Any CPU.Build.0 = Debug|Any CPU
		{18CFFCCC-1CCA-4285-A347-0BF087ED1C4D}.Release|Any CPU.ActiveCfg = Release|Any CPU
		{18CFFCCC-1CCA-4285-A347-0BF087ED1C4D}.Release|Any CPU.Build.0 = Release|Any CPU
		{83F24D71-5AC8-4A26-A507-226787185F38}.Debug|Any CPU.ActiveCfg = Debug|Any CPU
		{83F24D71-5AC8-4A26-A507-226787185F38}.Debug|Any CPU.Build.0 = Debug|Any CPU
		{83F24D71-5AC8-4A26-A507-226787185F38}.Release|Any CPU.ActiveCfg = Release|Any CPU
		{83F24D71-5AC8-4A26-A507-226787185F38}.Release|Any CPU.Build.0 = Release|Any CPU
	EndGlobalSection
	GlobalSection(SolutionProperties) = preSolution
		HideSolutionNode = FALSE
	EndGlobalSection
	GlobalSection(ExtensibilityGlobals) = postSolution
		SolutionGuid = {6B21D36D-50F4-4C27-94FC-9D83609544AF}
	EndGlobalSection
EndGlobal
